
Microsoft Visual Studio Solution File, Format Version 12.00
# Visual Studio Version 16
VisualStudioVersion = 16.0.32510.428
MinimumVisualStudioVersion = 10.0.40219.1
Project("{FAE04EC0-301F-11D3-BF4B-00C04F79EFBC}") = "PeakSort.Core", "PeakSort.Core\PeakSort.Core.csproj", "{D36AE3B3-10A7-4B88-85CD-5BDA21876187}"
EndProject
Project("{FAE04EC0-301F-11D3-BF4B-00C04F79EFBC}") = "PeakSort.Business", "PeakSort.Business\PeakSort.Business.csproj", "{EE4B09EE-5D89-41F7-A2BD-BA9018199682}"
EndProject
Project("{FAE04EC0-301F-11D3-BF4B-00C04F79EFBC}") = "PeakSort.Entities", "PeakSort.Entities\PeakSort.Entities.csproj", "{7ED07793-CC52-41B9-B703-316F3C6F1F24}"
EndProject
Project("{FAE04EC0-301F-11D3-BF4B-00C04F79EFBC}") = "PeakSort.MVCWebUI", "PeakSort.MVCWebUI\PeakSort.MVCWebUI.csproj", "{EE9CAC6E-545D-42C4-87A4-DFA55D7680C5}"
EndProject
Project("{FAE04EC0-301F-11D3-BF4B-00C04F79EFBC}") = "PeakSort.DataAccess", "PeakSort.DataAccess\PeakSort.DataAccess.csproj", "{D55B9C88-8D94-426B-9F37-B7DC456C4E2B}"
EndProject
Global
	GlobalSection(SolutionConfigurationPlatforms) = preSolution
		Debug|Any CPU = Debug|Any CPU
		Release|Any CPU = Release|Any CPU
	EndGlobalSection
	GlobalSection(ProjectConfigurationPlatforms) = postSolution
		{D36AE3B3-10A7-4B88-85CD-5BDA21876187}.Debug|Any CPU.ActiveCfg = Debug|Any CPU
		{D36AE3B3-10A7-4B88-85CD-5BDA21876187}.Debug|Any CPU.Build.0 = Debug|Any CPU
		{D36AE3B3-10A7-4B88-85CD-5BDA21876187}.Release|Any CPU.ActiveCfg = Release|Any CPU
		{D36AE3B3-10A7-4B88-85CD-5BDA21876187}.Release|Any CPU.Build.0 = Release|Any CPU
		{EE4B09EE-5D89-41F7-A2BD-BA9018199682}.Debug|Any CPU.ActiveCfg = Debug|Any CPU
		{EE4B09EE-5D89-41F7-A2BD-BA9018199682}.Debug|Any CPU.Build.0 = Debug|Any CPU
		{EE4B09EE-5D89-41F7-A2BD-BA9018199682}.Release|Any CPU.ActiveCfg = Release|Any CPU
		{EE4B09EE-5D89-41F7-A2BD-BA9018199682}.Release|Any CPU.Build.0 = Release|Any CPU
		{7ED07793-CC52-41B9-B703-316F3C6F1F24}.Debug|Any CPU.ActiveCfg = Debug|Any CPU
		{7ED07793-CC52-41B9-B703-316F3C6F1F24}.Debug|Any CPU.Build.0 = Debug|Any CPU
		{7ED07793-CC52-41B9-B703-316F3C6F1F24}.Release|Any CPU.ActiveCfg = Release|Any CPU
		{7ED07793-CC52-41B9-B703-316F3C6F1F24}.Release|Any CPU.Build.0 = Release|Any CPU
		{EE9CAC6E-545D-42C4-87A4-DFA55D7680C5}.Debug|Any CPU.ActiveCfg = Debug|Any CPU
		{EE9CAC6E-545D-42C4-87A4-DFA55D7680C5}.Debug|Any CPU.Build.0 = Debug|Any CPU
		{EE9CAC6E-545D-42C4-87A4-DFA55D7680C5}.Release|Any CPU.ActiveCfg = Release|Any CPU
		{EE9CAC6E-545D-42C4-87A4-DFA55D7680C5}.Release|Any CPU.Build.0 = Release|Any CPU
		{D55B9C88-8D94-426B-9F37-B7DC456C4E2B}.Debug|Any CPU.ActiveCfg = Debug|Any CPU
		{D55B9C88-8D94-426B-9F37-B7DC456C4E2B}.Debug|Any CPU.Build.0 = Debug|Any CPU
		{D55B9C88-8D94-426B-9F37-B7DC456C4E2B}.Release|Any CPU.ActiveCfg = Release|Any CPU
		{D55B9C88-8D94-426B-9F37-B7DC456C4E2B}.Release|Any CPU.Build.0 = Release|Any CPU
	EndGlobalSection
	GlobalSection(SolutionProperties) = preSolution
		HideSolutionNode = FALSE
	EndGlobalSection
	GlobalSection(ExtensibilityGlobals) = postSolution
		SolutionGuid = {30B33516-A4A0-47A4-A078-BCCABA127520}
	EndGlobalSection
EndGlobal
